{
  "name": "m8itwork-review-worker",
  "version": "0.1.0",
  "lockfileVersion": 3,
  "requires": true,
  "packages": {
    "": {
      "name": "m8itwork-review-worker",
      "version": "0.1.0",
      "dependencies": {
        "@anthropic-ai/claude-code": "2.1.290",
        "@openai/codex": "0.160.1",
        "zod": "4.1.11"
      },
      "engines": {
        "node": ">=22"
      }
    },
    "node_modules/@anthropic-ai/claude-code": {
      "version": "2.1.290",
      "resolved": "https://registry.npmjs.org/@anthropic-ai/claude-code/-/claude-code-2.1.290.tgz",
      "integrity": "sha512-N1VOjg+2Bc0unJztexfNYMTi+XkghzLe1m7Z2vswj6geJAto7mib7FeRbhuSAYHz6lmtWz1XZhLqwT+ugUaxhQ==",
      "hasInstallScript": true,
      "license": "SEE LICENSE IN README.md",
      "bin": {
        "claude": "bin/claude.exe"
      },
      "engines": {
        "node": ">=22.0.0"
      },
      "optionalDependencies": {
        "@anthropic-ai/claude-code-darwin-arm64": "2.1.290",
        "@anthropic-ai/claude-code-darwin-x64": "2.1.290",
        "@anthropic-ai/claude-code-linux-arm64": "2.1.290",
        "@anthropic-ai/claude-code-linux-arm64-musl": "2.1.290",
        "@anthropic-ai/claude-code-linux-x64": "2.1.290",
        "@anthropic-ai/claude-code-linux-x64-musl": "2.1.290",
        "@anthropic-ai/claude-code-win32-arm64": "2.1.290",
        "@anthropic-ai/claude-code-win32-x64": "2.1.290"
      }
    },
    "node_modules/@anthropic-ai/claude-code-darwin-arm64": {
      "version": "2.1.290",
      "resolved": "https://registry.npmjs.org/@anthropic-ai/claude-code-darwin-arm64/-/claude-code-darwin-arm64-2.1.290.tgz",
      "integrity": "sha512-Gwf07acohw9mGTBIXeac1PTZKRMRsGoBFtm7OA3TMoLoF/3M2kPojkqdjxEzTVw15lJjA0N1lgZEa8jLWt4odQ==",
      "cpu": [
        "arm64"
      ],
      "license": "SEE LICENSE IN LICENSE.md",
      "optional": true,
      "os": [
        "darwin"
      ]
    },
    "node_modules/@anthropic-ai/claude-code-darwin-x64": {
      "version": "2.1.290",
      "resolved": "https://registry.npmjs.org/@anthropic-ai/claude-code-darwin-x64/-/claude-code-darwin-x64-2.1.290.tgz",
      "integrity": "sha512-T7VTeuPrIfK7fjzn37izXxKfru9ZNYiiHSx+8jCZJK5TLCCDPaJAFPjQRhdLtk7adHOJe5PeAK8Rm0d8mcNRFg==",
      "cpu": [
        "x64"
      ],
      "license": "SEE LICENSE IN LICENSE.md",
      "optional": true,
      "os": [
        "darwin"
      ]
    },
    "node_modules/@anthropic-ai/claude-code-linux-arm64": {
      "version": "2.1.290",
      "resolved": "https://registry.npmjs.org/@anthropic-ai/claude-code-linux-arm64/-/claude-code-linux-arm64-2.1.290.tgz",
      "integrity": "sha512-xUcpprHxzKHAfYQeOSWLBEX58FHIpueVWUUSRbYmQQkPSm2C+RzwPYfwvAbdleyV5Bncmor9FmRUCyiq1DwDww==",
      "cpu": [
        "arm64"
      ],
      "license": "SEE LICENSE IN LICENSE.md",
      "optional": true,
      "os": [
        "linux"
      ]
    },
    "node_modules/@anthropic-ai/claude-code-linux-arm64-musl": {
      "version": "2.1.290",
      "resolved": "https://registry.npmjs.org/@anthropic-ai/claude-code-linux-arm64-musl/-/claude-code-linux-arm64-musl-2.1.290.tgz",
      "integrity": "sha512-MxA+W79eTB9084PMbRHW1cApY2OXJVBLRZLg+os030mPvOSsO9x300bftgwAk1LqzoJP7zQo4aiDG1xXDfE8jw==",
      "cpu": [
        "arm64"
      ],
      "license": "SEE LICENSE IN LICENSE.md",
      "optional": true,
      "os": [
        "linux"
      ]
    },
    "node_modules/@anthropic-ai/claude-code-linux-x64": {
      "version": "2.1.290",
      "resolved": "https://registry.npmjs.org/@anthropic-ai/claude-code-linux-x64/-/claude-code-linux-x64-2.1.290.tgz",
      "integrity": "sha512-1FQDIO4tXPFyw9wR1icEedIhEmLzOiQBAGR0NgETrXK8M2YbHEDXoE5Gg/LIuIee7giUuX5F2RzLw2N2i++ofQ==",
      "cpu": [
        "x64"
      ],
      "license": "SEE LICENSE IN LICENSE.md",
      "optional": true,
      "os": [
        "linux"
      ]
    },
    "node_modules/@anthropic-ai/claude-code-linux-x64-musl": {
      "version": "2.1.290",
      "resolved": "https://registry.npmjs.org/@anthropic-ai/claude-code-linux-x64-musl/-/claude-code-linux-x64-musl-2.1.290.tgz",
      "integrity": "sha512-wUlWlEmpJ0QKBUBNA0139dhChhMg5HLPi/78sZ2dJEJ6ff89qJF5s4LEXP0tLIsUfX/CggX4J4/2prcgueUyYw==",
      "cpu": [
        "x64"
      ],
      "license": "SEE LICENSE IN LICENSE.md",
      "optional": true,
      "os": [
        "linux"
      ]
    },
    "node_modules/@anthropic-ai/claude-code-win32-arm64": {
      "version": "2.1.290",
      "resolved": "https://registry.npmjs.org/@anthropic-ai/claude-code-win32-arm64/-/claude-code-win32-arm64-2.1.290.tgz",
      "integrity": "sha512-QL2yNLFbj1Jx0nfNI+gKrta7RWNzYHD3OYKChieHmU1V2EJRyTUaYWeOZRHUkHc/tlK7Z/o9v43BQPEwHQmqkQ==",
      "cpu": [
        "arm64"
      ],
      "license": "SEE LICENSE IN LICENSE.md",
      "optional": true,
      "os": [
        "win32"
      ]
    },
    "node_modules/@anthropic-ai/claude-code-win32-x64": {
      "version": "2.1.290",
      "resolved": "https://registry.npmjs.org/@anthropic-ai/claude-code-win32-x64/-/claude-code-win32-x64-2.1.290.tgz",
      "integrity": "sha512-wkjNwUSqEJ0d7TLkxYAjBHGqpVRTKuars/60VzcrTMkaY5iTaMJvNRjagVYx8SKWP+Zd3f5Gh+jAyRPZAl0U+A==",
      "cpu": [
        "x64"
      ],
      "license": "SEE LICENSE IN LICENSE.md",
      "optional": true,
      "os": [
        "win32"
      ]
    },
    "node_modules/@openai/codex": {
      "version": "0.160.1",
      "resolved": "https://registry.npmjs.org/@openai/codex/-/codex-0.160.1.tgz",
      "integrity": "sha512-f1yrJhwgimKQI1kYQlxdPJcFwkNZxZrbz7Hf89EAcnLqkQ7TiESzr2FgSZn13Ga5RuHjlVUfurzwq10wk9zw2g==",
      "license": "Apache-2.0",
      "bin": {
        "codex": "bin/codex.js"
      },
      "engines": {
        "node": ">=16"
      },
      "optionalDependencies": {
        "@openai/codex-darwin-arm64": "npm:@openai/codex@0.160.1-darwin-arm64",
        "@openai/codex-darwin-x64": "npm:@openai/codex@0.160.1-darwin-x64",
        "@openai/codex-linux-arm64": "npm:@openai/codex@0.160.1-linux-arm64",
        "@openai/codex-linux-x64": "npm:@openai/codex@0.160.1-linux-x64",
        "@openai/codex-win32-arm64": "npm:@openai/codex@0.160.1-win32-arm64",
        "@openai/codex-win32-x64": "npm:@openai/codex@0.160.1-win32-x64"
      }
    },
    "node_modules/@openai/codex-darwin-arm64": {
      "name": "@openai/codex",
      "version": "0.160.1-darwin-arm64",
      "resolved": "https://registry.npmjs.org/@openai/codex/-/codex-0.160.1-darwin-arm64.tgz",
      "integrity": "sha512-6Znu97O7+Ie/cnUpsWLx6NlcPc7DNuj6sAs58xpt0/tKRgx4+xgE9zca1YrwqQUBjUQO1HexudyimmhpZjdWlA==",
      "cpu": [
        "arm64"
      ],
      "license": "Apache-2.0",
      "optional": true,
      "os": [
        "darwin"
      ],
      "engines": {
        "node": ">=16"
      }
    },
    "node_modules/@openai/codex-darwin-x64": {
      "name": "@openai/codex",
      "version": "0.160.1-darwin-x64",
      "resolved": "https://registry.npmjs.org/@openai/codex/-/codex-0.160.1-darwin-x64.tgz",
      "integrity": "sha512-Q33hmY6BxhoQRgCo4f/xS20yMxORnilQMNdr5w1bXSkXGYAty8/z9odcHbsNYUM6m0fNle12DHLQ5F0Dpfji3A==",
      "cpu": [
        "x64"
      ],
      "license": "Apache-2.0",
      "optional": true,
      "os": [
        "darwin"
      ],
      "engines": {
        "node": ">=16"
      }
    },
    "node_modules/@openai/codex-linux-arm64": {
      "name": "@openai/codex",
      "version": "0.160.1-linux-arm64",
      "resolved": "https://registry.npmjs.org/@openai/codex/-/codex-0.160.1-linux-arm64.tgz",
      "integrity": "sha512-JLyjBlmjPvwTaicHemw+y5xQSz3Uja2r7F/xkvS8gFufTA2g132Ak+0fo35xnJ/k2uc9fTtjm0LrsEGI78L6Ng==",
      "cpu": [
        "arm64"
      ],
      "license": "Apache-2.0",
      "optional": true,
      "os": [
        "linux"
      ],
      "engines": {
        "node": ">=16"
      }
    },
    "node_modules/@openai/codex-linux-x64": {
      "name": "@openai/codex",
      "version": "0.160.1-linux-x64",
      "resolved": "https://registry.npmjs.org/@openai/codex/-/codex-0.160.1-linux-x64.tgz",
      "integrity": "sha512-sIDhqV+bsZKKVaVFVY5iB+pAzyOz2XRm3H1KXCsSJwGj5p98qnrT0Fweo1Hfe7WnyTp8mfBNdbVzUeO+mHYugA==",
      "cpu": [
        "x64"
      ],
      "license": "Apache-2.0",
      "optional": true,
      "os": [
        "linux"
      ],
      "engines": {
        "node": ">=16"
      }
    },
    "node_modules/@openai/codex-win32-arm64": {
      "name": "@openai/codex",
      "version": "0.160.1-win32-arm64",
      "resolved": "https://registry.npmjs.org/@openai/codex/-/codex-0.160.1-win32-arm64.tgz",
      "integrity": "sha512-PCGz2kVUBKKzyKv/cqo/1WqWN8GVUyk9sk0LyWIyXftdU0t+SSsGp45c2I6iOitm88ftGB3LxFHpTMnaiIKU7w==",
      "cpu": [
        "arm64"
      ],
      "license": "Apache-2.0",
      "optional": true,
      "os": [
        "win32"
      ],
      "engines": {
        "node": ">=16"
      }
    },
    "node_modules/@openai/codex-win32-x64": {
      "name": "@openai/codex",
      "version": "0.160.1-win32-x64",
      "resolved": "https://registry.npmjs.org/@openai/codex/-/codex-0.160.1-win32-x64.tgz",
      "integrity": "sha512-yyqykHtHNhm0ZViofGozz9a4ffUyXDsiyRu9Q2hPNg/cu4uzSsovNr5kDmzBXPFWAilmlZuNkwpw1W7uae2nlg==",
      "cpu": [
        "x64"
      ],
      "license": "Apache-2.0",
      "optional": true,
      "os": [
        "win32"
      ],
      "engines": {
        "node": ">=16"
      }
    },
    "node_modules/zod": {
      "version": "4.1.11",
      "resolved": "https://registry.npmjs.org/zod/-/zod-4.1.11.tgz",
      "integrity": "sha512-WPsqwxITS2tzx1bzhIKsEs19ABD5vmCVa4xBo2tq/SrV4RNZtfws1EnCWQXM6yh8bD08a1idvkB5MZSBiZsjwg==",
      "license": "MIT",
      "funding": {
        "url": "https://github.com/sponsors/colinhacks"
      }
    }
  }
}
